
Microsoft Visual Studio Solution File, Format Version 12.00
# Visual Studio Version 17
VisualStudioVersion = 17.11.35312.102
MinimumVisualStudioVersion = 10.0.40219.1
Project("{FAE04EC0-301F-11D3-BF4B-00C04F79EFBC}") = "OperationsOnMatrices", "OperationsOnMatrices\OperationsOnMatrices.csproj", "{4928D614-E5C4-4867-83FE-84C9F8941F4C}"
EndProject
Global
	GlobalSection(SolutionConfigurationPlatforms) = preSolution
		Debug|Any CPU = Debug|Any CPU
		Release|Any CPU = Release|Any CPU
	EndGlobalSection
	GlobalSection(ProjectConfigurationPlatforms) = postSolution
		{4928D614-E5C4-4867-83FE-84C9F8941F4C}.Debug|Any CPU.ActiveCfg = Debug|Any CPU
		{4928D614-E5C4-4867-83FE-84C9F8941F4C}.Debug|Any CPU.Build.0 = Debug|Any CPU
		{4928D614-E5C4-4867-83FE-84C9F8941F4C}.Release|Any CPU.ActiveCfg = Release|Any CPU
		{4928D614-E5C4-4867-83FE-84C9F8941F4C}.Release|Any CPU.Build.0 = Release|Any CPU
	EndGlobalSection
	GlobalSection(SolutionProperties) = preSolution
		HideSolutionNode = FALSE
	EndGlobalSection
	GlobalSection(ExtensibilityGlobals) = postSolution
		SolutionGuid = {485B5830-7CD9-450B-832B-B841F29F1A91}
	EndGlobalSection
EndGlobal
